
Microsoft Visual Studio Solution File, Format Version 12.00
# Visual Studio Version 16
VisualStudioVersion = 16.0.29418.71
MinimumVisualStudioVersion = 10.0.40219.1
Project("{FAE04EC0-301F-11D3-BF4B-00C04F79EFBC}") = "Lab6_1", "Lab6_1\Lab6_1.csproj", "{38969523-6A55-4F02-8258-1DAD2BBA4F23}"
EndProject
Global
	GlobalSection(SolutionConfigurationPlatforms) = preSolution
		Debug|Any CPU = Debug|Any CPU
		Release|Any CPU = Release|Any CPU
	EndGlobalSection
	GlobalSection(ProjectConfigurationPlatforms) = postSolution
		{38969523-6A55-4F02-8258-1DAD2BBA4F23}.Debug|Any CPU.ActiveCfg = Debug|Any CPU
		{38969523-6A55-4F02-8258-1DAD2BBA4F23}.Debug|Any CPU.Build.0 = Debug|Any CPU
		{38969523-6A55-4F02-8258-1DAD2BBA4F23}.Release|Any CPU.ActiveCfg = Release|Any CPU
		{38969523-6A55-4F02-8258-1DAD2BBA4F23}.Release|Any CPU.Build.0 = Release|Any CPU
	EndGlobalSection
	GlobalSection(SolutionProperties) = preSolution
		HideSolutionNode = FALSE
	EndGlobalSection
	GlobalSection(ExtensibilityGlobals) = postSolution
		SolutionGuid = {BBA45757-0DCB-4F39-B7D1-80FBF5C04C49}
	EndGlobalSection
EndGlobal
